
Microsoft Visual Studio Solution File, Format Version 12.00
# Visual Studio Version 17
VisualStudioVersion = 17.11.35327.3
MinimumVisualStudioVersion = 10.0.40219.1
Project("{FAE04EC0-301F-11D3-BF4B-00C04F79EFBC}") = "Blen2MD", "Blen2MD\Blen2MD.csproj", "{C75126D3-B15C-4A86-8236-05CEF6B47DC8}"
EndProject
Global
	GlobalSection(SolutionConfigurationPlatforms) = preSolution
		Debug|Any CPU = Debug|Any CPU
		Release|Any CPU = Release|Any CPU
	EndGlobalSection
	GlobalSection(ProjectConfigurationPlatforms) = postSolution
		{C75126D3-B15C-4A86-8236-05CEF6B47DC8}.Debug|Any CPU.ActiveCfg = Debug|Any CPU
		{C75126D3-B15C-4A86-8236-05CEF6B47DC8}.Debug|Any CPU.Build.0 = Debug|Any CPU
		{C75126D3-B15C-4A86-8236-05CEF6B47DC8}.Release|Any CPU.ActiveCfg = Release|Any CPU
		{C75126D3-B15C-4A86-8236-05CEF6B47DC8}.Release|Any CPU.Build.0 = Release|Any CPU
	EndGlobalSection
	GlobalSection(SolutionProperties) = preSolution
		HideSolutionNode = FALSE
	EndGlobalSection
	GlobalSection(ExtensibilityGlobals) = postSolution
		SolutionGuid = {2384E30F-134A-4F6C-AECF-EEF33F1F4944}
	EndGlobalSection
EndGlobal
