
Microsoft Visual Studio Solution File, Format Version 12.00
# Visual Studio Version 17
VisualStudioVersion = 17.9.34728.123
MinimumVisualStudioVersion = 10.0.40219.1
Project("{FAE04EC0-301F-11D3-BF4B-00C04F79EFBC}") = "SESTool", "SESTool\SESTool.csproj", "{9C49AE59-1E22-47A6-A410-DC4B72094E2F}"
EndProject
Global
	GlobalSection(SolutionConfigurationPlatforms) = preSolution
		Debug|Any CPU = Debug|Any CPU
		Release|Any CPU = Release|Any CPU
	EndGlobalSection
	GlobalSection(ProjectConfigurationPlatforms) = postSolution
		{9C49AE59-1E22-47A6-A410-DC4B72094E2F}.Debug|Any CPU.ActiveCfg = Debug|Any CPU
		{9C49AE59-1E22-47A6-A410-DC4B72094E2F}.Debug|Any CPU.Build.0 = Debug|Any CPU
		{9C49AE59-1E22-47A6-A410-DC4B72094E2F}.Release|Any CPU.ActiveCfg = Release|Any CPU
		{9C49AE59-1E22-47A6-A410-DC4B72094E2F}.Release|Any CPU.Build.0 = Release|Any CPU
	EndGlobalSection
	GlobalSection(SolutionProperties) = preSolution
		HideSolutionNode = FALSE
	EndGlobalSection
	GlobalSection(ExtensibilityGlobals) = postSolution
		SolutionGuid = {F92234B7-E0AE-4FDB-A0CD-429DA857F996}
	EndGlobalSection
EndGlobal
