
Microsoft Visual Studio Solution File, Format Version 12.00
# Visual Studio Version 17
VisualStudioVersion = 17.9.34728.123
MinimumVisualStudioVersion = 10.0.40219.1
Project("{FAE04EC0-301F-11D3-BF4B-00C04F79EFBC}") = "SESTool2.0", "SESTool2.0\SESTool2.0.csproj", "{12A6A935-C23F-4125-976F-CAFBFEF12F86}"
EndProject
Global
	GlobalSection(SolutionConfigurationPlatforms) = preSolution
		Debug|Any CPU = Debug|Any CPU
		Release|Any CPU = Release|Any CPU
	EndGlobalSection
	GlobalSection(ProjectConfigurationPlatforms) = postSolution
		{12A6A935-C23F-4125-976F-CAFBFEF12F86}.Debug|Any CPU.ActiveCfg = Debug|Any CPU
		{12A6A935-C23F-4125-976F-CAFBFEF12F86}.Debug|Any CPU.Build.0 = Debug|Any CPU
		{12A6A935-C23F-4125-976F-CAFBFEF12F86}.Release|Any CPU.ActiveCfg = Release|Any CPU
		{12A6A935-C23F-4125-976F-CAFBFEF12F86}.Release|Any CPU.Build.0 = Release|Any CPU
	EndGlobalSection
	GlobalSection(SolutionProperties) = preSolution
		HideSolutionNode = FALSE
	EndGlobalSection
	GlobalSection(ExtensibilityGlobals) = postSolution
		SolutionGuid = {6B66B5C1-B487-4084-95ED-F073CFCA1431}
	EndGlobalSection
EndGlobal
